
Microsoft Visual Studio Solution File, Format Version 12.00
# Visual Studio Version 17
VisualStudioVersion = 17.11.35312.102
MinimumVisualStudioVersion = 10.0.40219.1
Project("{FAE04EC0-301F-11D3-BF4B-00C04F79EFBC}") = "TestFormForGit", "TestFormForGit.csproj", "{ECFDFBAD-618B-48CE-97F7-9284B9CBA035}"
EndProject
Global
	GlobalSection(SolutionConfigurationPlatforms) = preSolution
		Debug|Any CPU = Debug|Any CPU
		Release|Any CPU = Release|Any CPU
	EndGlobalSection
	GlobalSection(ProjectConfigurationPlatforms) = postSolution
		{ECFDFBAD-618B-48CE-97F7-9284B9CBA035}.Debug|Any CPU.ActiveCfg = Debug|Any CPU
		{ECFDFBAD-618B-48CE-97F7-9284B9CBA035}.Debug|Any CPU.Build.0 = Debug|Any CPU
		{ECFDFBAD-618B-48CE-97F7-9284B9CBA035}.Release|Any CPU.ActiveCfg = Release|Any CPU
		{ECFDFBAD-618B-48CE-97F7-9284B9CBA035}.Release|Any CPU.Build.0 = Release|Any CPU
	EndGlobalSection
	GlobalSection(SolutionProperties) = preSolution
		HideSolutionNode = FALSE
	EndGlobalSection
	GlobalSection(ExtensibilityGlobals) = postSolution
		SolutionGuid = {E2A638B9-08D0-40D8-90EC-D5DC20A6DAF7}
	EndGlobalSection
EndGlobal
